
Microsoft Visual Studio Solution File, Format Version 12.00
# Visual Studio Version 17
VisualStudioVersion = 17.9.34616.47
MinimumVisualStudioVersion = 10.0.40219.1
Project("{9A19103F-16F7-4668-BE54-9A1E7A4F7556}") = "Blogy.WebUI", "Blogy.WebUI\Blogy.WebUI.csproj", "{F4334102-B8B4-4B05-BEC9-553DDA618644}"
EndProject
Project("{9A19103F-16F7-4668-BE54-9A1E7A4F7556}") = "Blogy.EntityLayer", "Blogy.EntityLayer\Blogy.EntityLayer.csproj", "{FB20289B-9DC3-4ABF-8CC8-7CC0AB309DDA}"
EndProject
Project("{9A19103F-16F7-4668-BE54-9A1E7A4F7556}") = "Blogy.DataAccessLayer", "Blogy.DataAccessLayer\Blogy.DataAccessLayer.csproj", "{B2D3ECF8-294D-4101-86F4-F8BA2994F040}"
EndProject
Project("{FAE04EC0-301F-11D3-BF4B-00C04F79EFBC}") = "Blogy.BusinessLayer", "Blogy.BusinessLayer\Blogy.BusinessLayer.csproj", "{3311AED3-7243-4C20-8210-EC9E52119982}"
EndProject
Global
	GlobalSection(SolutionConfigurationPlatforms) = preSolution
		Debug|Any CPU = Debug|Any CPU
		Release|Any CPU = Release|Any CPU
	EndGlobalSection
	GlobalSection(ProjectConfigurationPlatforms) = postSolution
		{F4334102-B8B4-4B05-BEC9-553DDA618644}.Debug|Any CPU.ActiveCfg = Debug|Any CPU
		{F4334102-B8B4-4B05-BEC9-553DDA618644}.Debug|Any CPU.Build.0 = Debug|Any CPU
		{F4334102-B8B4-4B05-BEC9-553DDA618644}.Release|Any CPU.ActiveCfg = Release|Any CPU
		{F4334102-B8B4-4B05-BEC9-553DDA618644}.Release|Any CPU.Build.0 = Release|Any CPU
		{FB20289B-9DC3-4ABF-8CC8-7CC0AB309DDA}.Debug|Any CPU.ActiveCfg = Debug|Any CPU
		{FB20289B-9DC3-4ABF-8CC8-7CC0AB309DDA}.Debug|Any CPU.Build.0 = Debug|Any CPU
		{FB20289B-9DC3-4ABF-8CC8-7CC0AB309DDA}.Release|Any CPU.ActiveCfg = Release|Any CPU
		{FB20289B-9DC3-4ABF-8CC8-7CC0AB309DDA}.Release|Any CPU.Build.0 = Release|Any CPU
		{B2D3ECF8-294D-4101-86F4-F8BA2994F040}.Debug|Any CPU.ActiveCfg = Debug|Any CPU
		{B2D3ECF8-294D-4101-86F4-F8BA2994F040}.Debug|Any CPU.Build.0 = Debug|Any CPU
		{B2D3ECF8-294D-4101-86F4-F8BA2994F040}.Release|Any CPU.ActiveCfg = Release|Any CPU
		{B2D3ECF8-294D-4101-86F4-F8BA2994F040}.Release|Any CPU.Build.0 = Release|Any CPU
		{3311AED3-7243-4C20-8210-EC9E52119982}.Debug|Any CPU.ActiveCfg = Debug|Any CPU
		{3311AED3-7243-4C20-8210-EC9E52119982}.Debug|Any CPU.Build.0 = Debug|Any CPU
		{3311AED3-7243-4C20-8210-EC9E52119982}.Release|Any CPU.ActiveCfg = Release|Any CPU
		{3311AED3-7243-4C20-8210-EC9E52119982}.Release|Any CPU.Build.0 = Release|Any CPU
	EndGlobalSection
	GlobalSection(SolutionProperties) = preSolution
		HideSolutionNode = FALSE
	EndGlobalSection
	GlobalSection(ExtensibilityGlobals) = postSolution
		SolutionGuid = {58DB9DAD-2917-45DA-B01B-C4EF6E298371}
	EndGlobalSection
EndGlobal
